
Microsoft Visual Studio Solution File, Format Version 12.00
# Visual Studio Version 17
VisualStudioVersion = 17.2.32602.215
MinimumVisualStudioVersion = 10.0.40219.1
Project("{8BC9CEB8-8B4A-11D0-8D11-00A0C91BC942}") = "quiz2outputtreasing.cpp", "quiz2outputtreasing.cpp\quiz2outputtreasing.cpp.vcxproj", "{F81C31E1-6A8E-4366-B631-F1DC5DD9A154}"
EndProject
Global
	GlobalSection(SolutionConfigurationPlatforms) = preSolution
		Debug|x64 = Debug|x64
		Debug|x86 = Debug|x86
		Release|x64 = Release|x64
		Release|x86 = Release|x86
	EndGlobalSection
	GlobalSection(ProjectConfigurationPlatforms) = postSolution
		{F81C31E1-6A8E-4366-B631-F1DC5DD9A154}.Debug|x64.ActiveCfg = Debug|x64
		{F81C31E1-6A8E-4366-B631-F1DC5DD9A154}.Debug|x64.Build.0 = Debug|x64
		{F81C31E1-6A8E-4366-B631-F1DC5DD9A154}.Debug|x86.ActiveCfg = Debug|Win32
		{F81C31E1-6A8E-4366-B631-F1DC5DD9A154}.Debug|x86.Build.0 = Debug|Win32
		{F81C31E1-6A8E-4366-B631-F1DC5DD9A154}.Release|x64.ActiveCfg = Release|x64
		{F81C31E1-6A8E-4366-B631-F1DC5DD9A154}.Release|x64.Build.0 = Release|x64
		{F81C31E1-6A8E-4366-B631-F1DC5DD9A154}.Release|x86.ActiveCfg = Release|Win32
		{F81C31E1-6A8E-4366-B631-F1DC5DD9A154}.Release|x86.Build.0 = Release|Win32
	EndGlobalSection
	GlobalSection(SolutionProperties) = preSolution
		HideSolutionNode = FALSE
	EndGlobalSection
	GlobalSection(ExtensibilityGlobals) = postSolution
		SolutionGuid = {4A87DAD8-3E02-4148-86B8-A9BF962B8703}
	EndGlobalSection
EndGlobal
